Microsoft Visual Studio Solution File, Format Version 12.00
# Visual Studio Version 17
VisualStudioVersion = 17.0.31903.59
MinimumVisualStudioVersion = 10.0.40219.1
Project("{2150E333-8FDC-42A3-9474-1A3956D46DE8}") = "AspireDemo", "AspireDemo", "{AC455957-15B3-3609-6756-F6D54BB1286A}"
EndProject
Project("{FAE04EC0-301F-11D3-BF4B-00C04F79EFBC}") = "AspireDemo.AppHost", "AspireDemo\AspireDemo.AppHost\AspireDemo.AppHost.csproj", "{812EC2DC-3FCA-4CD7-83B4-D4E9DDEEE56A}"
EndProject
Project("{FAE04EC0-301F-11D3-BF4B-00C04F79EFBC}") = "AspireDemo.DemoApp", "AspireDemo\AspireDemo.DemoApp\AspireDemo.DemoApp.csproj", "{C9679634-4304-47FA-AD3F-338A00070BDD}"
EndProject
Global
	GlobalSection(SolutionConfigurationPlatforms) = preSolution
		Debug|Any CPU = Debug|Any CPU
		Debug|x64 = Debug|x64
		Debug|x86 = Debug|x86
		Release|Any CPU = Release|Any CPU
		Release|x64 = Release|x64
		Release|x86 = Release|x86
	EndGlobalSection
	GlobalSection(ProjectConfigurationPlatforms) = postSolution
		{812EC2DC-3FCA-4CD7-83B4-D4E9DDEEE56A}.Debug|Any CPU.ActiveCfg = Debug|Any CPU
		{812EC2DC-3FCA-4CD7-83B4-D4E9DDEEE56A}.Debug|Any CPU.Build.0 = Debug|Any CPU
		{812EC2DC-3FCA-4CD7-83B4-D4E9DDEEE56A}.Debug|x64.ActiveCfg = Debug|Any CPU
		{812EC2DC-3FCA-4CD7-83B4-D4E9DDEEE56A}.Debug|x64.Build.0 = Debug|Any CPU
		{812EC2DC-3FCA-4CD7-83B4-D4E9DDEEE56A}.Debug|x86.ActiveCfg = Debug|Any CPU
		{812EC2DC-3FCA-4CD7-83B4-D4E9DDEEE56A}.Debug|x86.Build.0 = Debug|Any CPU
		{812EC2DC-3FCA-4CD7-83B4-D4E9DDEEE56A}.Release|Any CPU.ActiveCfg = Release|Any CPU
		{812EC2DC-3FCA-4CD7-83B4-D4E9DDEEE56A}.Release|Any CPU.Build.0 = Release|Any CPU
		{812EC2DC-3FCA-4CD7-83B4-D4E9DDEEE56A}.Release|x64.ActiveCfg = Release|Any CPU
		{812EC2DC-3FCA-4CD7-83B4-D4E9DDEEE56A}.Release|x64.Build.0 = Release|Any CPU
		{812EC2DC-3FCA-4CD7-83B4-D4E9DDEEE56A}.Release|x86.ActiveCfg = Release|Any CPU
		{812EC2DC-3FCA-4CD7-83B4-D4E9DDEEE56A}.Release|x86.Build.0 = Release|Any CPU
		{C9679634-4304-47FA-AD3F-338A00070BDD}.Debug|Any CPU.ActiveCfg = Debug|Any CPU
		{C9679634-4304-47FA-AD3F-338A00070BDD}.Debug|Any CPU.Build.0 = Debug|Any CPU
		{C9679634-4304-47FA-AD3F-338A00070BDD}.Debug|x64.ActiveCfg = Debug|Any CPU
		{C9679634-4304-47FA-AD3F-338A00070BDD}.Debug|x64.Build.0 = Debug|Any CPU
		{C9679634-4304-47FA-AD3F-338A00070BDD}.Debug|x86.ActiveCfg = Debug|Any CPU
		{C9679634-4304-47FA-AD3F-338A00070BDD}.Debug|x86.Build.0 = Debug|Any CPU
		{C9679634-4304-47FA-AD3F-338A00070BDD}.Release|Any CPU.ActiveCfg = Release|Any CPU
		{C9679634-4304-47FA-AD3F-338A00070BDD}.Release|Any CPU.Build.0 = Release|Any CPU
		{C9679634-4304-47FA-AD3F-338A00070BDD}.Release|x64.ActiveCfg = Release|Any CPU
		{C9679634-4304-47FA-AD3F-338A00070BDD}.Release|x64.Build.0 = Release|Any CPU
		{C9679634-4304-47FA-AD3F-338A00070BDD}.Release|x86.ActiveCfg = Release|Any CPU
		{C9679634-4304-47FA-AD3F-338A00070BDD}.Release|x86.Build.0 = Release|Any CPU
	EndGlobalSection
	GlobalSection(SolutionProperties) = preSolution
		HideSolutionNode = FALSE
	EndGlobalSection
	GlobalSection(NestedProjects) = preSolution
		{812EC2DC-3FCA-4CD7-83B4-D4E9DDEEE56A} = {AC455957-15B3-3609-6756-F6D54BB1286A}
		{C9679634-4304-47FA-AD3F-338A00070BDD} = {AC455957-15B3-3609-6756-F6D54BB1286A}
	EndGlobalSection
EndGlobal
